
Microsoft Visual Studio Solution File, Format Version 12.00
# Visual Studio 15
VisualStudioVersion = 15.0.28307.852
MinimumVisualStudioVersion = 10.0.40219.1
Project("{FAE04EC0-301F-11D3-BF4B-00C04F79EFBC}") = "WpfBAllisticsApp", "WpfBAllisticsApp\WpfBAllisticsApp.csproj", "{405B37B7-E17C-4185-86D3-B3F0593E25BA}"
EndProject
Global
	GlobalSection(SolutionConfigurationPlatforms) = preSolution
		Debug|Any CPU = Debug|Any CPU
		Release|Any CPU = Release|Any CPU
	EndGlobalSection
	GlobalSection(ProjectConfigurationPlatforms) = postSolution
		{405B37B7-E17C-4185-86D3-B3F0593E25BA}.Debug|Any CPU.ActiveCfg = Debug|Any CPU
		{405B37B7-E17C-4185-86D3-B3F0593E25BA}.Debug|Any CPU.Build.0 = Debug|Any CPU
		{405B37B7-E17C-4185-86D3-B3F0593E25BA}.Release|Any CPU.ActiveCfg = Release|Any CPU
		{405B37B7-E17C-4185-86D3-B3F0593E25BA}.Release|Any CPU.Build.0 = Release|Any CPU
	EndGlobalSection
	GlobalSection(SolutionProperties) = preSolution
		HideSolutionNode = FALSE
	EndGlobalSection
	GlobalSection(ExtensibilityGlobals) = postSolution
		SolutionGuid = {34741287-6AFA-4162-AF24-848355C59400}
	EndGlobalSection
EndGlobal
